
Microsoft Visual Studio Solution File, Format Version 10.00
# Visual Studio 2008
Project("{FAE04EC0-301F-11D3-BF4B-00C04F79EFBC}") = "Telefono", "Teléfono\Telefono.csproj", "{58BF5191-E9DA-4ADC-8AD2-5E4C785F16C4}"
EndProject
Project("{FAE04EC0-301F-11D3-BF4B-00C04F79EFBC}") = "AlphaMobileControls", "AlphaMobileControls\AlphaMobileControls.csproj", "{507A8030-7103-4A7B-97D4-D1EF6A82452B}"
EndProject
Global
	GlobalSection(SolutionConfigurationPlatforms) = preSolution
		Debug|Any CPU = Debug|Any CPU
		Release|Any CPU = Release|Any CPU
	EndGlobalSection
	GlobalSection(ProjectConfigurationPlatforms) = postSolution
		{58BF5191-E9DA-4ADC-8AD2-5E4C785F16C4}.Debug|Any CPU.ActiveCfg = Debug|Any CPU
		{58BF5191-E9DA-4ADC-8AD2-5E4C785F16C4}.Debug|Any CPU.Build.0 = Debug|Any CPU
		{58BF5191-E9DA-4ADC-8AD2-5E4C785F16C4}.Debug|Any CPU.Deploy.0 = Debug|Any CPU
		{58BF5191-E9DA-4ADC-8AD2-5E4C785F16C4}.Release|Any CPU.ActiveCfg = Release|Any CPU
		{58BF5191-E9DA-4ADC-8AD2-5E4C785F16C4}.Release|Any CPU.Build.0 = Release|Any CPU
		{58BF5191-E9DA-4ADC-8AD2-5E4C785F16C4}.Release|Any CPU.Deploy.0 = Release|Any CPU
		{507A8030-7103-4A7B-97D4-D1EF6A82452B}.Debug|Any CPU.ActiveCfg = Debug|Any CPU
		{507A8030-7103-4A7B-97D4-D1EF6A82452B}.Debug|Any CPU.Build.0 = Debug|Any CPU
		{507A8030-7103-4A7B-97D4-D1EF6A82452B}.Release|Any CPU.ActiveCfg = Release|Any CPU
		{507A8030-7103-4A7B-97D4-D1EF6A82452B}.Release|Any CPU.Build.0 = Release|Any CPU
	EndGlobalSection
	GlobalSection(SolutionProperties) = preSolution
		HideSolutionNode = FALSE
	EndGlobalSection
EndGlobal
